
Microsoft Visual Studio Solution File, Format Version 12.00
# Visual Studio Version 17
VisualStudioVersion = 17.9.34723.18
MinimumVisualStudioVersion = 10.0.40219.1
Project("{FAE04EC0-301F-11D3-BF4B-00C04F79EFBC}") = "Diamant", "Diamant\Diamant.csproj", "{665AE947-1BDA-4ECA-BD49-0FCBB68A9FFD}"
EndProject
Global
	GlobalSection(SolutionConfigurationPlatforms) = preSolution
		Debug|Any CPU = Debug|Any CPU
		Release|Any CPU = Release|Any CPU
	EndGlobalSection
	GlobalSection(ProjectConfigurationPlatforms) = postSolution
		{665AE947-1BDA-4ECA-BD49-0FCBB68A9FFD}.Debug|Any CPU.ActiveCfg = Debug|Any CPU
		{665AE947-1BDA-4ECA-BD49-0FCBB68A9FFD}.Debug|Any CPU.Build.0 = Debug|Any CPU
		{665AE947-1BDA-4ECA-BD49-0FCBB68A9FFD}.Release|Any CPU.ActiveCfg = Release|Any CPU
		{665AE947-1BDA-4ECA-BD49-0FCBB68A9FFD}.Release|Any CPU.Build.0 = Release|Any CPU
	EndGlobalSection
	GlobalSection(SolutionProperties) = preSolution
		HideSolutionNode = FALSE
	EndGlobalSection
	GlobalSection(ExtensibilityGlobals) = postSolution
		SolutionGuid = {29FDE748-F5B3-4DD2-9336-952E8E16EAE0}
	EndGlobalSection
EndGlobal
